schema: '2.0'
stages:
  train_model:
    cmd: python starter/train_model.py --data-filepath data/census_clean.csv --model-filepath
      model --reports-filepath reports
    deps:
    - path: starter/train_model.py
      md5: 77465e077de4d79c78679d7bad879061
      size: 2680
    outs:
    - path: model/binarizer.joblib
      md5: 400e8c695292229b590db35a22466ed0
      size: 447
    - path: model/encoder.joblib
      md5: f87f9c20d1f4059f13d0639afe4e89fe
      size: 4072
    - path: model/model.joblib
      md5: b8bad06fe7b181a6047bb964cee22db0
      size: 102286201
    - path: reports/metrics.csv
      md5: 6a55e6eacce435d04f0c164d7b51a9f4
      size: 6131
